
Microsoft Visual Studio Solution File, Format Version 12.00
# Visual Studio Version 17
VisualStudioVersion = 17.4.33110.190
MinimumVisualStudioVersion = 10.0.40219.1
Project("{2150E333-8FDC-42A3-9474-1A3956D46DE8}") = "TVS.Library", "TVS.Library", "{BF42714D-61D7-482D-94E4-286999CDF8B0}"
EndProject
Project("{FAE04EC0-301F-11D3-BF4B-00C04F79EFBC}") = "TVS.Data", "TVS.Data\TVS.Data.csproj", "{00CBB8C2-49A3-4CC9-A934-B6C356A9C02F}"
EndProject
Project("{FAE04EC0-301F-11D3-BF4B-00C04F79EFBC}") = "TVS.Factory", "TVS.Factory\TVS.Factory.csproj", "{F5054951-8FFC-4CA3-89CB-13839789609E}"
EndProject
Project("{FAE04EC0-301F-11D3-BF4B-00C04F79EFBC}") = "TVS.Model", "TVS.Model\TVS.Model.csproj", "{DEE00A84-8951-48AF-9BAD-1F2A513798BA}"
EndProject
Project("{FAE04EC0-301F-11D3-BF4B-00C04F79EFBC}") = "TVS.Service", "TVS.Service\TVS.Service.csproj", "{27B640EE-08CE-4ACE-A201-2D33973E7534}"
EndProject
Project("{FAE04EC0-301F-11D3-BF4B-00C04F79EFBC}") = "TVS.Repository", "TVS.Repository\TVS.Repository.csproj", "{B6D6C411-7515-45BC-BB69-3DC711707314}"
EndProject
Project("{FAE04EC0-301F-11D3-BF4B-00C04F79EFBC}") = "TVS.Common", "TVS.Common\TVS.Common.csproj", "{79CA6A3A-7937-43AA-AED1-C849CA041D36}"
EndProject
Project("{9A19103F-16F7-4668-BE54-9A1E7A4F7556}") = "TVS.Game.API", "TVS.Game.API\TVS.Game.API.csproj", "{71C0E899-7DCC-46E5-B7A6-D1C9F8048A15}"
EndProject
Global
	GlobalSection(SolutionConfigurationPlatforms) = preSolution
		Debug|Any CPU = Debug|Any CPU
		Release|Any CPU = Release|Any CPU
	EndGlobalSection
	GlobalSection(ProjectConfigurationPlatforms) = postSolution
		{00CBB8C2-49A3-4CC9-A934-B6C356A9C02F}.Debug|Any CPU.ActiveCfg = Debug|Any CPU
		{00CBB8C2-49A3-4CC9-A934-B6C356A9C02F}.Debug|Any CPU.Build.0 = Debug|Any CPU
		{00CBB8C2-49A3-4CC9-A934-B6C356A9C02F}.Release|Any CPU.ActiveCfg = Release|Any CPU
		{00CBB8C2-49A3-4CC9-A934-B6C356A9C02F}.Release|Any CPU.Build.0 = Release|Any CPU
		{F5054951-8FFC-4CA3-89CB-13839789609E}.Debug|Any CPU.ActiveCfg = Debug|Any CPU
		{F5054951-8FFC-4CA3-89CB-13839789609E}.Debug|Any CPU.Build.0 = Debug|Any CPU
		{F5054951-8FFC-4CA3-89CB-13839789609E}.Release|Any CPU.ActiveCfg = Release|Any CPU
		{F5054951-8FFC-4CA3-89CB-13839789609E}.Release|Any CPU.Build.0 = Release|Any CPU
		{DEE00A84-8951-48AF-9BAD-1F2A513798BA}.Debug|Any CPU.ActiveCfg = Debug|Any CPU
		{DEE00A84-8951-48AF-9BAD-1F2A513798BA}.Debug|Any CPU.Build.0 = Debug|Any CPU
		{DEE00A84-8951-48AF-9BAD-1F2A513798BA}.Release|Any CPU.ActiveCfg = Release|Any CPU
		{DEE00A84-8951-48AF-9BAD-1F2A513798BA}.Release|Any CPU.Build.0 = Release|Any CPU
		{27B640EE-08CE-4ACE-A201-2D33973E7534}.Debug|Any CPU.ActiveCfg = Debug|Any CPU
		{27B640EE-08CE-4ACE-A201-2D33973E7534}.Debug|Any CPU.Build.0 = Debug|Any CPU
		{27B640EE-08CE-4ACE-A201-2D33973E7534}.Release|Any CPU.ActiveCfg = Release|Any CPU
		{27B640EE-08CE-4ACE-A201-2D33973E7534}.Release|Any CPU.Build.0 = Release|Any CPU
		{B6D6C411-7515-45BC-BB69-3DC711707314}.Debug|Any CPU.ActiveCfg = Debug|Any CPU
		{B6D6C411-7515-45BC-BB69-3DC711707314}.Debug|Any CPU.Build.0 = Debug|Any CPU
		{B6D6C411-7515-45BC-BB69-3DC711707314}.Release|Any CPU.ActiveCfg = Release|Any CPU
		{B6D6C411-7515-45BC-BB69-3DC711707314}.Release|Any CPU.Build.0 = Release|Any CPU
		{79CA6A3A-7937-43AA-AED1-C849CA041D36}.Debug|Any CPU.ActiveCfg = Debug|Any CPU
		{79CA6A3A-7937-43AA-AED1-C849CA041D36}.Debug|Any CPU.Build.0 = Debug|Any CPU
		{79CA6A3A-7937-43AA-AED1-C849CA041D36}.Release|Any CPU.ActiveCfg = Release|Any CPU
		{79CA6A3A-7937-43AA-AED1-C849CA041D36}.Release|Any CPU.Build.0 = Release|Any CPU
		{71C0E899-7DCC-46E5-B7A6-D1C9F8048A15}.Debug|Any CPU.ActiveCfg = Debug|Any CPU
		{71C0E899-7DCC-46E5-B7A6-D1C9F8048A15}.Debug|Any CPU.Build.0 = Debug|Any CPU
		{71C0E899-7DCC-46E5-B7A6-D1C9F8048A15}.Release|Any CPU.ActiveCfg = Release|Any CPU
		{71C0E899-7DCC-46E5-B7A6-D1C9F8048A15}.Release|Any CPU.Build.0 = Release|Any CPU
	EndGlobalSection
	GlobalSection(SolutionProperties) = preSolution
		HideSolutionNode = FALSE
	EndGlobalSection
	GlobalSection(NestedProjects) = preSolution
		{00CBB8C2-49A3-4CC9-A934-B6C356A9C02F} = {BF42714D-61D7-482D-94E4-286999CDF8B0}
		{F5054951-8FFC-4CA3-89CB-13839789609E} = {BF42714D-61D7-482D-94E4-286999CDF8B0}
		{DEE00A84-8951-48AF-9BAD-1F2A513798BA} = {BF42714D-61D7-482D-94E4-286999CDF8B0}
		{27B640EE-08CE-4ACE-A201-2D33973E7534} = {BF42714D-61D7-482D-94E4-286999CDF8B0}
		{B6D6C411-7515-45BC-BB69-3DC711707314} = {BF42714D-61D7-482D-94E4-286999CDF8B0}
		{79CA6A3A-7937-43AA-AED1-C849CA041D36} = {BF42714D-61D7-482D-94E4-286999CDF8B0}
	EndGlobalSection
	GlobalSection(ExtensibilityGlobals) = postSolution
		SolutionGuid = {7C0EC18C-243D-4788-A2CF-FE487B821F75}
	EndGlobalSection
EndGlobal
